
Microsoft Visual Studio Solution File, Format Version 12.00
Project("{FAE04EC0-301F-11D3-BF4B-00C04F79EFBC}") = "dotnet.pdf", "dotnet.pdf\dotnet.pdf.csproj", "{90CC857B-157A-45AD-8468-0861CDB2F195}"
EndProject
Project("{FAE04EC0-301F-11D3-BF4B-00C04F79EFBC}") = "DotNet.Pdf.Core", "DotNet.Pdf.Core\DotNet.Pdf.Core.csproj", "{B7A1F3C2-8D4E-4F1A-9B2C-5E6F7A8B9C0D}"
EndProject
Global
	GlobalSection(SolutionConfigurationPlatforms) = preSolution
		Debug|Any CPU = Debug|Any CPU
		Release|Any CPU = Release|Any CPU
	EndGlobalSection
	GlobalSection(ProjectConfigurationPlatforms) = postSolution
		{90CC857B-157A-45AD-8468-0861CDB2F195}.Debug|Any CPU.ActiveCfg = Debug|Any CPU
		{90CC857B-157A-45AD-8468-0861CDB2F195}.Debug|Any CPU.Build.0 = Debug|Any CPU
		{90CC857B-157A-45AD-8468-0861CDB2F195}.Release|Any CPU.ActiveCfg = Release|Any CPU
		{90CC857B-157A-45AD-8468-0861CDB2F195}.Release|Any CPU.Build.0 = Release|Any CPU
		{B7A1F3C2-8D4E-4F1A-9B2C-5E6F7A8B9C0D}.Debug|Any CPU.ActiveCfg = Debug|Any CPU
		{B7A1F3C2-8D4E-4F1A-9B2C-5E6F7A8B9C0D}.Debug|Any CPU.Build.0 = Debug|Any CPU
		{B7A1F3C2-8D4E-4F1A-9B2C-5E6F7A8B9C0D}.Release|Any CPU.ActiveCfg = Release|Any CPU
		{B7A1F3C2-8D4E-4F1A-9B2C-5E6F7A8B9C0D}.Release|Any CPU.Build.0 = Release|Any CPU
	EndGlobalSection
EndGlobal
